// !$*UTF8*$!
{
	archiveVersion = 1;
	classes = {
	};
	objectVersion = 56;
	objects = {

/* Begin PBXBuildFile section */
		116AC7021C1B491D8B79F12E /* Views/AppRootView.swift in Sources */ = {isa = PBXBuildFile; fileRef = 245AA0E4068E45FB958A0B7D /* Views/AppRootView.swift */; };
		1B0D207F843D45B7A455B216 /* Views/WordsGameTabView.swift in Sources */ = {isa = PBXBuildFile; fileRef = 3797AC52D4964B188805AB21 /* Views/WordsGameTabView.swift */; };
		1C2D3E4F5061728394A5B6C7D8 /* Models/TabExtrasModels.swift in Sources */ = {isa = PBXBuildFile; fileRef = 2D3E4F5061728394A5B6C7D8E9 /* Models/TabExtrasModels.swift */; };
		213FAF8799A64E258AA5E557 /* App/AppState.swift in Sources */ = {isa = PBXBuildFile; fileRef = 361733B744394685ACA6C288 /* App/AppState.swift */; };
		255FCFCCD2364273AC9DD3F1 /* Views/NutritionTabView.swift in Sources */ = {isa = PBXBuildFile; fileRef = 38EADDFE3F9949108C06CE69 /* Views/NutritionTabView.swift */; };
		41429790D446415C822566A3 /* Views/MainTabView.swift in Sources */ = {isa = PBXBuildFile; fileRef = 3084B75FFCA84234B46AEB4B /* Views/MainTabView.swift */; };
		5A407C263FF0438886D1F4D7 /* Services/BootstrapCache.swift in Sources */ = {isa = PBXBuildFile; fileRef = FE64ECC236084A958407A267 /* Services/BootstrapCache.swift */; };
		7F8E9D0C1B2A3948576F5E4D3 /* Views/ProfileHelpers.swift in Sources */ = {isa = PBXBuildFile; fileRef = 6E5D4C3B2A190817263546576 /* Views/ProfileHelpers.swift */; };
		8A7B6C5D4E3F201918273645A5 /* Views/TabChrome.swift in Sources */ = {isa = PBXBuildFile; fileRef = 9B8C7D6E5F403120918273645B6 /* Views/TabChrome.swift */; };
		8F9523E2DD1C4F328DE384CF /* Views/ProfileTabView.swift in Sources */ = {isa = PBXBuildFile; fileRef = A3F0EE245F624A66BEE06DD6 /* Views/ProfileTabView.swift */; };
		92AE2C9A9EDB42DF8B2B24A3 /* Views/CalendarTabView.swift in Sources */ = {isa = PBXBuildFile; fileRef = 5CBC0D7E70974991AA5F62C6 /* Views/CalendarTabView.swift */; };
		989CCAF64E0A404FBB2FAE75 /* Services/APIError.swift in Sources */ = {isa = PBXBuildFile; fileRef = A9854A3EC993494DBD04CAEF /* Services/APIError.swift */; };
		9C20CC2EB7E34CE6B912F595 /* Services/APIClient.swift in Sources */ = {isa = PBXBuildFile; fileRef = CD43C7A7FC80469A8272E678 /* Services/APIClient.swift */; };
		A1B2C3D4E5F64748394A5B6C1 /* Services/WorkoutHistoryReport.swift in Sources */ = {isa = PBXBuildFile; fileRef = A1B2C3D4E5F64748394A5B6C0 /* Services/WorkoutHistoryReport.swift */; };
		AB01CDEF0001000000010002 /* Models/CommunityHelpers.swift in Sources */ = {isa = PBXBuildFile; fileRef = AB01CDEF0001000000010001 /* Models/CommunityHelpers.swift */; };
		AB01CDEF0001000000010004 /* Views/CommunityMemberProfileView.swift in Sources */ = {isa = PBXBuildFile; fileRef = AB01CDEF0001000000010003 /* Views/CommunityMemberProfileView.swift */; };
		AB01CDEF0001000000010006 /* Views/CommunityScopeTabs.swift in Sources */ = {isa = PBXBuildFile; fileRef = AB01CDEF0001000000010005 /* Views/CommunityScopeTabs.swift */; };
		B81D215E1C044506883A3498 /* Views/AuthView.swift in Sources */ = {isa = PBXBuildFile; fileRef = DC8CB7C6538C4595984BCB97 /* Views/AuthView.swift */; };
		B9E0A4E772DF4AEBB8E9F63A /* Resources/Config.plist in Resources */ = {isa = PBXBuildFile; fileRef = E1ABF72E73544103B5BB1B8F /* Resources/Config.plist */; };
		D9B97747F7F24C0196A995B9 /* Models/BootstrapModels.swift in Sources */ = {isa = PBXBuildFile; fileRef = C9B22D3ADB0D410382C37A9F /* Models/BootstrapModels.swift */; };
		EE6499F6E463406EBB7699F4 /* App/SportCalendarApp.swift in Sources */ = {isa = PBXBuildFile; fileRef = 430B4DD5C17C4B33AC6D9B30 /* App/SportCalendarApp.swift */; };
		F425EAF4F73344C9B53D0C3C /* Config/APIConfig.swift in Sources */ = {isa = PBXBuildFile; fileRef = 5C699CE0D58F4077B61A16A0 /* Config/APIConfig.swift */; };
		F452833D9479413EB6199C39 /* Services/KeychainTokenStore.swift in Sources */ = {isa = PBXBuildFile; fileRef = 33FE50281E0244FB95D2BCAF /* Services/KeychainTokenStore.swift */; };
		FBB22F77F72F4A70AC6B5278 /* Views/CommunityTabView.swift in Sources */ = {isa = PBXBuildFile; fileRef = D5C872DA834C4A95922778A7 /* Views/CommunityTabView.swift */; };
/* End PBXBuildFile section */

/* Begin PBXFileReference section */
		245AA0E4068E45FB958A0B7D /* Views/AppRootView.swift */ = {isa = PBXFileReference; lastKnownFileType = sourcecode.swift; path = Views/AppRootView.swift; sourceTree = "<group>"; };
		2D3E4F5061728394A5B6C7D8E9 /* Models/TabExtrasModels.swift */ = {isa = PBXFileReference; lastKnownFileType = sourcecode.swift; path = Models/TabExtrasModels.swift; sourceTree = "<group>"; };
		3084B75FFCA84234B46AEB4B /* Views/MainTabView.swift */ = {isa = PBXFileReference; lastKnownFileType = sourcecode.swift; path = Views/MainTabView.swift; sourceTree = "<group>"; };
		33FE50281E0244FB95D2BCAF /* Services/KeychainTokenStore.swift */ = {isa = PBXFileReference; lastKnownFileType = sourcecode.swift; path = Services/KeychainTokenStore.swift; sourceTree = "<group>"; };
		361733B744394685ACA6C288 /* App/AppState.swift */ = {isa = PBXFileReference; lastKnownFileType = sourcecode.swift; path = App/AppState.swift; sourceTree = "<group>"; };
		3797AC52D4964B188805AB21 /* Views/WordsGameTabView.swift */ = {isa = PBXFileReference; lastKnownFileType = sourcecode.swift; path = Views/WordsGameTabView.swift; sourceTree = "<group>"; };
		383E81414371430C941F530B /* SportCalendar.app */ = {isa = PBXFileReference; explicitFileType = wrapper.application; includeInIndex = 0; path = SportCalendar.app; sourceTree = BUILT_PRODUCTS_DIR; };
		38EADDFE3F9949108C06CE69 /* Views/NutritionTabView.swift */ = {isa = PBXFileReference; lastKnownFileType = sourcecode.swift; path = Views/NutritionTabView.swift; sourceTree = "<group>"; };
		430B4DD5C17C4B33AC6D9B30 /* App/SportCalendarApp.swift */ = {isa = PBXFileReference; lastKnownFileType = sourcecode.swift; path = App/SportCalendarApp.swift; sourceTree = "<group>"; };
		5C699CE0D58F4077B61A16A0 /* Config/APIConfig.swift */ = {isa = PBXFileReference; lastKnownFileType = sourcecode.swift; path = Config/APIConfig.swift; sourceTree = "<group>"; };
		5CBC0D7E70974991AA5F62C6 /* Views/CalendarTabView.swift */ = {isa = PBXFileReference; lastKnownFileType = sourcecode.swift; path = Views/CalendarTabView.swift; sourceTree = "<group>"; };
		6E5D4C3B2A190817263546576 /* Views/ProfileHelpers.swift */ = {isa = PBXFileReference; lastKnownFileType = sourcecode.swift; path = Views/ProfileHelpers.swift; sourceTree = "<group>"; };
		9B8C7D6E5F403120918273645B6 /* Views/TabChrome.swift */ = {isa = PBXFileReference; lastKnownFileType = sourcecode.swift; path = Views/TabChrome.swift; sourceTree = "<group>"; };
		A145A2E7883A4B6D9DBE1AA4 /* Info.plist */ = {isa = PBXFileReference; lastKnownFileType = text.plist.xml; path = Info.plist; sourceTree = "<group>"; };
		A1B2C3D4E5F64748394A5B6C0 /* Services/WorkoutHistoryReport.swift */ = {isa = PBXFileReference; lastKnownFileType = sourcecode.swift; path = Services/WorkoutHistoryReport.swift; sourceTree = "<group>"; };
		A3F0EE245F624A66BEE06DD6 /* Views/ProfileTabView.swift */ = {isa = PBXFileReference; lastKnownFileType = sourcecode.swift; path = Views/ProfileTabView.swift; sourceTree = "<group>"; };
		A9854A3EC993494DBD04CAEF /* Services/APIError.swift */ = {isa = PBXFileReference; lastKnownFileType = sourcecode.swift; path = Services/APIError.swift; sourceTree = "<group>"; };
		AB01CDEF0001000000010001 /* Models/CommunityHelpers.swift */ = {isa = PBXFileReference; lastKnownFileType = sourcecode.swift; path = Models/CommunityHelpers.swift; sourceTree = "<group>"; };
		AB01CDEF0001000000010003 /* Views/CommunityMemberProfileView.swift */ = {isa = PBXFileReference; lastKnownFileType = sourcecode.swift; path = Views/CommunityMemberProfileView.swift; sourceTree = "<group>"; };
		AB01CDEF0001000000010005 /* Views/CommunityScopeTabs.swift */ = {isa = PBXFileReference; lastKnownFileType = sourcecode.swift; path = Views/CommunityScopeTabs.swift; sourceTree = "<group>"; };
		C9B22D3ADB0D410382C37A9F /* Models/BootstrapModels.swift */ = {isa = PBXFileReference; lastKnownFileType = sourcecode.swift; path = Models/BootstrapModels.swift; sourceTree = "<group>"; };
		CD43C7A7FC80469A8272E678 /* Services/APIClient.swift */ = {isa = PBXFileReference; lastKnownFileType = sourcecode.swift; path = Services/APIClient.swift; sourceTree = "<group>"; };
		D5C872DA834C4A95922778A7 /* Views/CommunityTabView.swift */ = {isa = PBXFileReference; lastKnownFileType = sourcecode.swift; path = Views/CommunityTabView.swift; sourceTree = "<group>"; };
		DC8CB7C6538C4595984BCB97 /* Views/AuthView.swift */ = {isa = PBXFileReference; lastKnownFileType = sourcecode.swift; path = Views/AuthView.swift; sourceTree = "<group>"; };
		E1ABF72E73544103B5BB1B8F /* Resources/Config.plist */ = {isa = PBXFileReference; lastKnownFileType = text.plist.xml; path = Resources/Config.plist; sourceTree = "<group>"; };
		FE64ECC236084A958407A267 /* Services/BootstrapCache.swift */ = {isa = PBXFileReference; lastKnownFileType = sourcecode.swift; path = Services/BootstrapCache.swift; sourceTree = "<group>"; };
/* End PBXFileReference section */

/* Begin PBXFrameworksBuildPhase section */
		617668262C4E4920A33779F0 /* Frameworks */ = {
			isa = PBXFrameworksBuildPhase;
			buildActionMask = 2147483647;
			files = (
			);
			runOnlyForDeploymentPostprocessing = 0;
		};
/* End PBXFrameworksBuildPhase section */

/* Begin PBXGroup section */
		17B8628195CC4467BCA56830 /* Products */ = {
			isa = PBXGroup;
			children = (
				383E81414371430C941F530B /* SportCalendar.app */,
			);
			name = Products;
			sourceTree = "<group>";
		};
		2F363A4FB89C4899BA87DA02 = {
			isa = PBXGroup;
			children = (
				B6281F22D4C34075ACD94C8A /* Sources/SportCalendar */,
				A145A2E7883A4B6D9DBE1AA4 /* Info.plist */,
				17B8628195CC4467BCA56830 /* Products */,
			);
			sourceTree = "<group>";
		};
		B6281F22D4C34075ACD94C8A /* Sources/SportCalendar */ = {
			isa = PBXGroup;
			children = (
				361733B744394685ACA6C288 /* App/AppState.swift */,
				430B4DD5C17C4B33AC6D9B30 /* App/SportCalendarApp.swift */,
				5C699CE0D58F4077B61A16A0 /* Config/APIConfig.swift */,
				C9B22D3ADB0D410382C37A9F /* Models/BootstrapModels.swift */,
				AB01CDEF0001000000010001 /* Models/CommunityHelpers.swift */,
				2D3E4F5061728394A5B6C7D8E9 /* Models/TabExtrasModels.swift */,
				CD43C7A7FC80469A8272E678 /* Services/APIClient.swift */,
				A1B2C3D4E5F64748394A5B6C0 /* Services/WorkoutHistoryReport.swift */,
				A9854A3EC993494DBD04CAEF /* Services/APIError.swift */,
				FE64ECC236084A958407A267 /* Services/BootstrapCache.swift */,
				33FE50281E0244FB95D2BCAF /* Services/KeychainTokenStore.swift */,
				245AA0E4068E45FB958A0B7D /* Views/AppRootView.swift */,
				DC8CB7C6538C4595984BCB97 /* Views/AuthView.swift */,
				5CBC0D7E70974991AA5F62C6 /* Views/CalendarTabView.swift */,
				D5C872DA834C4A95922778A7 /* Views/CommunityTabView.swift */,
				AB01CDEF0001000000010003 /* Views/CommunityMemberProfileView.swift */,
				AB01CDEF0001000000010005 /* Views/CommunityScopeTabs.swift */,
				3084B75FFCA84234B46AEB4B /* Views/MainTabView.swift */,
				38EADDFE3F9949108C06CE69 /* Views/NutritionTabView.swift */,
				A3F0EE245F624A66BEE06DD6 /* Views/ProfileTabView.swift */,
				6E5D4C3B2A190817263546576 /* Views/ProfileHelpers.swift */,
				9B8C7D6E5F403120918273645B6 /* Views/TabChrome.swift */,
				3797AC52D4964B188805AB21 /* Views/WordsGameTabView.swift */,
				E1ABF72E73544103B5BB1B8F /* Resources/Config.plist */,
			);
			path = Sources/SportCalendar;
			sourceTree = "<group>";
		};
/* End PBXGroup section */

/* Begin PBXNativeTarget section */
		20089CE9C981414E9DC682D1 /* SportCalendar */ = {
			isa = PBXNativeTarget;
			buildConfigurationList = 6618D87E44C845C58C48E175 /* Build configuration list for PBXNativeTarget "SportCalendar" */;
			buildPhases = (
				651B943C80714A8AA10D1628 /* Sources */,
				617668262C4E4920A33779F0 /* Frameworks */,
				16DAD91590134BD3AE01F0DE /* Resources */,
			);
			buildRules = (
			);
			dependencies = (
			);
			name = SportCalendar;
			productName = SportCalendar;
			productReference = 383E81414371430C941F530B /* SportCalendar.app */;
			productType = "com.apple.product-type.application";
		};
/* End PBXNativeTarget section */

/* Begin PBXProject section */
		95397F5921674637833D3A79 /* Project object */ = {
			isa = PBXProject;
			attributes = {
				BuildIndependentTargetsInParallel = 1;
				LastSwiftUpdateCheck = 1500;
				LastUpgradeCheck = 2640;
				TargetAttributes = {
					20089CE9C981414E9DC682D1 = {
						CreatedOnToolsVersion = 15.0;
					};
				};
			};
			buildConfigurationList = D90CDE2E77434A60A9D497B7 /* Build configuration list for PBXProject "SportCalendar" */;
			compatibilityVersion = "Xcode 14.0";
			developmentRegion = en;
			hasScannedForEncodings = 0;
			knownRegions = (
				en,
				Base,
			);
			mainGroup = 2F363A4FB89C4899BA87DA02;
			packageReferences = (
			);
			productRefGroup = 17B8628195CC4467BCA56830 /* Products */;
			projectDirPath = "";
			projectRoot = "";
			targets = (
				20089CE9C981414E9DC682D1 /* SportCalendar */,
			);
		};
/* End PBXProject section */

/* Begin PBXResourcesBuildPhase section */
		16DAD91590134BD3AE01F0DE /* Resources */ = {
			isa = PBXResourcesBuildPhase;
			buildActionMask = 2147483647;
			files = (
				B9E0A4E772DF4AEBB8E9F63A /* Resources/Config.plist in Resources */,
			);
			runOnlyForDeploymentPostprocessing = 0;
		};
/* End PBXResourcesBuildPhase section */

/* Begin PBXSourcesBuildPhase section */
		651B943C80714A8AA10D1628 /* Sources */ = {
			isa = PBXSourcesBuildPhase;
			buildActionMask = 2147483647;
			files = (
				213FAF8799A64E258AA5E557 /* App/AppState.swift in Sources */,
				EE6499F6E463406EBB7699F4 /* App/SportCalendarApp.swift in Sources */,
				F425EAF4F73344C9B53D0C3C /* Config/APIConfig.swift in Sources */,
				D9B97747F7F24C0196A995B9 /* Models/BootstrapModels.swift in Sources */,
				1C2D3E4F5061728394A5B6C7D8 /* Models/TabExtrasModels.swift in Sources */,
				9C20CC2EB7E34CE6B912F595 /* Services/APIClient.swift in Sources */,
				A1B2C3D4E5F64748394A5B6C1 /* Services/WorkoutHistoryReport.swift in Sources */,
				989CCAF64E0A404FBB2FAE75 /* Services/APIError.swift in Sources */,
				5A407C263FF0438886D1F4D7 /* Services/BootstrapCache.swift in Sources */,
				F452833D9479413EB6199C39 /* Services/KeychainTokenStore.swift in Sources */,
				116AC7021C1B491D8B79F12E /* Views/AppRootView.swift in Sources */,
				B81D215E1C044506883A3498 /* Views/AuthView.swift in Sources */,
				92AE2C9A9EDB42DF8B2B24A3 /* Views/CalendarTabView.swift in Sources */,
				FBB22F77F72F4A70AC6B5278 /* Views/CommunityTabView.swift in Sources */,
				AB01CDEF0001000000010002 /* Models/CommunityHelpers.swift in Sources */,
				AB01CDEF0001000000010004 /* Views/CommunityMemberProfileView.swift in Sources */,
				AB01CDEF0001000000010006 /* Views/CommunityScopeTabs.swift in Sources */,
				41429790D446415C822566A3 /* Views/MainTabView.swift in Sources */,
				255FCFCCD2364273AC9DD3F1 /* Views/NutritionTabView.swift in Sources */,
				8F9523E2DD1C4F328DE384CF /* Views/ProfileTabView.swift in Sources */,
				7F8E9D0C1B2A3948576F5E4D3 /* Views/ProfileHelpers.swift in Sources */,
				8A7B6C5D4E3F201918273645A5 /* Views/TabChrome.swift in Sources */,
				1B0D207F843D45B7A455B216 /* Views/WordsGameTabView.swift in Sources */,
			);
			runOnlyForDeploymentPostprocessing = 0;
		};
/* End PBXSourcesBuildPhase section */

/* Begin XCBuildConfiguration section */
		25C3DE3A3EDD4449BA62FEA7 /* Debug */ = {
			isa = XCBuildConfiguration;
			buildSettings = {
				ALWAYS_SEARCH_USER_PATHS = NO;
				ASSETCATALOG_COMPILER_GENERATE_SWIFT_ASSET_SYMBOL_EXTENSIONS = YES;
				CLANG_ANALYZER_NONNULL = YES;
				CLANG_ENABLE_MODULES = YES;
				CLANG_WARN_BLOCK_CAPTURE_AUTORELEASING = YES;
				CLANG_WARN_BOOL_CONVERSION = YES;
				CLANG_WARN_COMMA = YES;
				CLANG_WARN_CONSTANT_CONVERSION = YES;
				CLANG_WARN_DEPRECATED_OBJC_IMPLEMENTATIONS = YES;
				CLANG_WARN_EMPTY_BODY = YES;
				CLANG_WARN_ENUM_CONVERSION = YES;
				CLANG_WARN_INFINITE_RECURSION = YES;
				CLANG_WARN_INT_CONVERSION = YES;
				CLANG_WARN_NON_LITERAL_NULL_CONVERSION = YES;
				CLANG_WARN_OBJC_IMPLICIT_RETAIN_SELF = YES;
				CLANG_WARN_OBJC_LITERAL_CONVERSION = YES;
				CLANG_WARN_QUOTED_INCLUDE_IN_FRAMEWORK_HEADER = YES;
				CLANG_WARN_RANGE_LOOP_ANALYSIS = YES;
				CLANG_WARN_STRICT_PROTOTYPES = YES;
				CLANG_WARN_SUSPICIOUS_MOVE = YES;
				CLANG_WARN_UNREACHABLE_CODE = YES;
				CLANG_WARN__DUPLICATE_METHOD_MATCH = YES;
				COPY_PHASE_STRIP = NO;
				DEBUG_INFORMATION_FORMAT = dwarf;
				ENABLE_STRICT_OBJC_MSGSEND = YES;
				ENABLE_TESTABILITY = YES;
				ENABLE_USER_SCRIPT_SANDBOXING = YES;
				GCC_DYNAMIC_NO_PIC = NO;
				GCC_NO_COMMON_BLOCKS = YES;
				GCC_OPTIMIZATION_LEVEL = 0;
				GCC_PREPROCESSOR_DEFINITIONS = (
					"DEBUG=1",
					"$(inherited)",
				);
				GCC_WARN_64_TO_32_BIT_CONVERSION = YES;
				GCC_WARN_ABOUT_RETURN_TYPE = YES;
				GCC_WARN_UNDECLARED_SELECTOR = YES;
				GCC_WARN_UNINITIALIZED_AUTOS = YES;
				GCC_WARN_UNUSED_FUNCTION = YES;
				GCC_WARN_UNUSED_VARIABLE = YES;
				IPHONEOS_DEPLOYMENT_TARGET = 17.0;
				MTL_ENABLE_DEBUG_INFO = INCLUDE_SOURCE;
				ONLY_ACTIVE_ARCH = YES;
				SDKROOT = iphoneos;
				STRING_CATALOG_GENERATE_SYMBOLS = YES;
				SWIFT_ACTIVE_COMPILATION_CONDITIONS = "DEBUG $(inherited)";
				SWIFT_OPTIMIZATION_LEVEL = "-Onone";
			};
			name = Debug;
		};
		3C8436DEC1CF408CBDF08725 /* Debug */ = {
			isa = XCBuildConfiguration;
			buildSettings = {
				CLANG_ENABLE_OBJC_WEAK = YES;
				CODE_SIGN_STYLE = Automatic;
				CURRENT_PROJECT_VERSION = 1;
				DEVELOPMENT_ASSET_PATHS = "";
				ENABLE_PREVIEWS = YES;
				GENERATE_INFOPLIST_FILE = NO;
				INFOPLIST_FILE = Info.plist;
				INFOPLIST_KEY_UIApplicationSceneManifest_Generation = YES;
				INFOPLIST_KEY_UILaunchScreen_Generation = YES;
				INFOPLIST_KEY_UISupportedInterfaceOrientations_iPad = "UIInterfaceOrientationPortrait UIInterfaceOrientationPortraitUpsideDown UIInterfaceOrientationLandscapeLeft UIInterfaceOrientationLandscapeRight";
				INFOPLIST_KEY_UISupportedInterfaceOrientations_iPhone = "UIInterfaceOrientationPortrait UIInterfaceOrientationLandscapeLeft UIInterfaceOrientationLandscapeRight";
				LD_RUNPATH_SEARCH_PATHS = (
					"$(inherited)",
					"@executable_path/Frameworks",
				);
				MARKETING_VERSION = 1.0;
				PRODUCT_BUNDLE_IDENTIFIER = com.sportcalendar.SportCalendar;
				PRODUCT_NAME = "$(TARGET_NAME)";
				SUPPORTED_PLATFORMS = "iphoneos iphonesimulator";
				SUPPORTS_MACCATALYST = NO;
				SWIFT_EMIT_LOC_STRINGS = YES;
				SWIFT_VERSION = 5.0;
				TARGETED_DEVICE_FAMILY = "1,2";
			};
			name = Debug;
		};
		5EC7BAFE2FEB45F6B128C5E3 /* Release */ = {
			isa = XCBuildConfiguration;
			buildSettings = {
				ALWAYS_SEARCH_USER_PATHS = NO;
				ASSETCATALOG_COMPILER_GENERATE_SWIFT_ASSET_SYMBOL_EXTENSIONS = YES;
				CLANG_ANALYZER_NONNULL = YES;
				CLANG_ENABLE_MODULES = YES;
				CLANG_WARN_BLOCK_CAPTURE_AUTORELEASING = YES;
				CLANG_WARN_BOOL_CONVERSION = YES;
				CLANG_WARN_COMMA = YES;
				CLANG_WARN_CONSTANT_CONVERSION = YES;
				CLANG_WARN_DEPRECATED_OBJC_IMPLEMENTATIONS = YES;
				CLANG_WARN_EMPTY_BODY = YES;
				CLANG_WARN_ENUM_CONVERSION = YES;
				CLANG_WARN_INFINITE_RECURSION = YES;
				CLANG_WARN_INT_CONVERSION = YES;
				CLANG_WARN_NON_LITERAL_NULL_CONVERSION = YES;
				CLANG_WARN_OBJC_IMPLICIT_RETAIN_SELF = YES;
				CLANG_WARN_OBJC_LITERAL_CONVERSION = YES;
				CLANG_WARN_QUOTED_INCLUDE_IN_FRAMEWORK_HEADER = YES;
				CLANG_WARN_RANGE_LOOP_ANALYSIS = YES;
				CLANG_WARN_STRICT_PROTOTYPES = YES;
				CLANG_WARN_SUSPICIOUS_MOVE = YES;
				CLANG_WARN_UNREACHABLE_CODE = YES;
				CLANG_WARN__DUPLICATE_METHOD_MATCH = YES;
				COPY_PHASE_STRIP = NO;
				DEBUG_INFORMATION_FORMAT = "dwarf-with-dsym";
				ENABLE_NS_ASSERTIONS = NO;
				ENABLE_STRICT_OBJC_MSGSEND = YES;
				ENABLE_USER_SCRIPT_SANDBOXING = YES;
				GCC_NO_COMMON_BLOCKS = YES;
				GCC_WARN_64_TO_32_BIT_CONVERSION = YES;
				GCC_WARN_ABOUT_RETURN_TYPE = YES;
				GCC_WARN_UNDECLARED_SELECTOR = YES;
				GCC_WARN_UNINITIALIZED_AUTOS = YES;
				GCC_WARN_UNUSED_FUNCTION = YES;
				GCC_WARN_UNUSED_VARIABLE = YES;
				IPHONEOS_DEPLOYMENT_TARGET = 17.0;
				MTL_ENABLE_DEBUG_INFO = NO;
				SDKROOT = iphoneos;
				STRING_CATALOG_GENERATE_SYMBOLS = YES;
				SWIFT_COMPILATION_MODE = wholemodule;
			};
			name = Release;
		};
		6CFEE6A633D94F918D866375 /* Release */ = {
			isa = XCBuildConfiguration;
			buildSettings = {
				CLANG_ENABLE_OBJC_WEAK = YES;
				CODE_SIGN_STYLE = Automatic;
				CURRENT_PROJECT_VERSION = 1;
				DEVELOPMENT_ASSET_PATHS = "";
				ENABLE_PREVIEWS = YES;
				GENERATE_INFOPLIST_FILE = NO;
				INFOPLIST_FILE = Info.plist;
				INFOPLIST_KEY_UIApplicationSceneManifest_Generation = YES;
				INFOPLIST_KEY_UILaunchScreen_Generation = YES;
				INFOPLIST_KEY_UISupportedInterfaceOrientations_iPad = "UIInterfaceOrientationPortrait UIInterfaceOrientationPortraitUpsideDown UIInterfaceOrientationLandscapeLeft UIInterfaceOrientationLandscapeRight";
				INFOPLIST_KEY_UISupportedInterfaceOrientations_iPhone = "UIInterfaceOrientationPortrait UIInterfaceOrientationLandscapeLeft UIInterfaceOrientationLandscapeRight";
				LD_RUNPATH_SEARCH_PATHS = (
					"$(inherited)",
					"@executable_path/Frameworks",
				);
				MARKETING_VERSION = 1.0;
				PRODUCT_BUNDLE_IDENTIFIER = com.sportcalendar.SportCalendar;
				PRODUCT_NAME = "$(TARGET_NAME)";
				SUPPORTED_PLATFORMS = "iphoneos iphonesimulator";
				SUPPORTS_MACCATALYST = NO;
				SWIFT_EMIT_LOC_STRINGS = YES;
				SWIFT_VERSION = 5.0;
				TARGETED_DEVICE_FAMILY = "1,2";
			};
			name = Release;
		};
/* End XCBuildConfiguration section */

/* Begin XCConfigurationList section */
		6618D87E44C845C58C48E175 /* Build configuration list for PBXNativeTarget "SportCalendar" */ = {
			isa = XCConfigurationList;
			buildConfigurations = (
				3C8436DEC1CF408CBDF08725 /* Debug */,
				6CFEE6A633D94F918D866375 /* Release */,
			);
			defaultConfigurationIsVisible = 0;
			defaultConfigurationName = Release;
		};
		D90CDE2E77434A60A9D497B7 /* Build configuration list for PBXProject "SportCalendar" */ = {
			isa = XCConfigurationList;
			buildConfigurations = (
				25C3DE3A3EDD4449BA62FEA7 /* Debug */,
				5EC7BAFE2FEB45F6B128C5E3 /* Release */,
			);
			defaultConfigurationIsVisible = 0;
			defaultConfigurationName = Release;
		};
/* End XCConfigurationList section */
	};
	rootObject = 95397F5921674637833D3A79 /* Project object */;
}
